github.com/coniks-sys/coniks-go v0.0.0-20180722014011-11acf4819b71 h1:MFLTqgfJclmtaQ1SRUrWwmDX/1UBok3XWUethkJ2swQ=
github.com/coniks-sys/coniks-go v0.0.0-20180722014011-11acf4819b71/go.mod h1:TrHYHH4Wze7v7Hkwu1MH1W+mCPQKM+gs+PicdEV14o8=
github.com/pkg/errors v0.9.1 h1:FEBLx1zS214owpjy7qsBeixbURkuhQAwrK5UwLGTwt4=
github.com/pkg/errors v0.9.1/go.mod h1:bwawxfHBFNV+L2hUp1rHADufV3IMtnDRdf1r5NINEl0=
golang.org/x/crypto v0.11.0 h1:6Ewdq3tDic1mg5xRO4milcWCfMVQhI4NkqWWvqejpuA=
golang.org/x/crypto v0.11.0/go.mod h1:xgJhtzW8F9jGdVFWZESrid1U1bjeNy4zgy5cRr/CIio=
golang.org/x/sys v0.10.0 h1:SqMFp9UcQJZa+pmYuAKjd9xq1f0j5rLcDIk0mj4qAsA=
golang.org/x/sys v0.10.0/go.mod h1:oPkhp1MJrh7nUepCBck5+mAzfO9JrbApNNgaTdGDITg=
